
Microsoft Visual Studio Solution File, Format Version 12.00
# Visual Studio Version 16
VisualStudioVersion = 16.0.29926.136
MinimumVisualStudioVersion = 10.0.40219.1
Project("{FAE04EC0-301F-11D3-BF4B-00C04F79EFBC}") = "PeopleBlenderBot", "PeopleBlenderBot.csproj", "{37C30129-07B5-44F5-A26B-9AE37339C1D6}"
EndProject
Global
	GlobalSection(SolutionConfigurationPlatforms) = preSolution
		Debug|Any CPU = Debug|Any CPU
		Release|Any CPU = Release|Any CPU
	EndGlobalSection
	GlobalSection(ProjectConfigurationPlatforms) = postSolution
		{37C30129-07B5-44F5-A26B-9AE37339C1D6}.Debug|Any CPU.ActiveCfg = Debug|Any CPU
		{37C30129-07B5-44F5-A26B-9AE37339C1D6}.Debug|Any CPU.Build.0 = Debug|Any CPU
		{37C30129-07B5-44F5-A26B-9AE37339C1D6}.Release|Any CPU.ActiveCfg = Release|Any CPU
		{37C30129-07B5-44F5-A26B-9AE37339C1D6}.Release|Any CPU.Build.0 = Release|Any CPU
	EndGlobalSection
	GlobalSection(SolutionProperties) = preSolution
		HideSolutionNode = FALSE
	EndGlobalSection
	GlobalSection(ExtensibilityGlobals) = postSolution
		SolutionGuid = {5F6B1EC2-53E6-4438-9585-45E6B3A1644F}
	EndGlobalSection
EndGlobal
